Microsoft Visual Studio Solution File, Format Version 12.00
# Visual Studio Express 2013 for Windows Desktop
Project("{8BC9CEB8-8B4A-11D0-8D11-00A0C91BC942}") = "ALL_BUILD", "ALL_BUILD.vcxproj", "{DC8CADEB-FD5B-41A4-8796-0DB0F632BBA9}"
	ProjectSection(ProjectDependencies) = postProject
		{095D2910-E2B0-4F5E-AA6B-C5CAE6CA9B86} = {095D2910-E2B0-4F5E-AA6B-C5CAE6CA9B86}
		{1BDEE7A4-40AD-473A-8ED2-679B9EF04891} = {1BDEE7A4-40AD-473A-8ED2-679B9EF04891}
		{B68B6F96-13BC-4072-9A27-BE55F6ABEFBF} = {B68B6F96-13BC-4072-9A27-BE55F6ABEFBF}
		{E7D36892-68A7-49FE-B05D-DD41B94F5003} = {E7D36892-68A7-49FE-B05D-DD41B94F5003}
		{9E21D094-08E6-4B57-B337-4B3A109443C8} = {9E21D094-08E6-4B57-B337-4B3A109443C8}
		{BEF2AA81-463F-424B-A071-6A557B8FEB67} = {BEF2AA81-463F-424B-A071-6A557B8FEB67}
		{97DA11DE-7A88-4E66-A5AE-0C0B0FC3F869} = {97DA11DE-7A88-4E66-A5AE-0C0B0FC3F869}
	EndProjectSection
EndProject
Project("{8BC9CEB8-8B4A-11D0-8D11-00A0C91BC942}") = "INSTALL", "INSTALL.vcxproj", "{57303FE2-8682-4B50-85FD-606C3778F610}"
	ProjectSection(ProjectDependencies) = postProject
		{DC8CADEB-FD5B-41A4-8796-0DB0F632BBA9} = {DC8CADEB-FD5B-41A4-8796-0DB0F632BBA9}
	EndProjectSection
EndProject
Project("{8BC9CEB8-8B4A-11D0-8D11-00A0C91BC942}") = "ZERO_CHECK", "ZERO_CHECK.vcxproj", "{095D2910-E2B0-4F5E-AA6B-C5CAE6CA9B86}"
	ProjectSection(ProjectDependencies) = postProject
	EndProjectSection
EndProject
Project("{8BC9CEB8-8B4A-11D0-8D11-00A0C91BC942}") = "bulletcollision", "lib\bullet\bulletcollision.vcxproj", "{1BDEE7A4-40AD-473A-8ED2-679B9EF04891}"
	ProjectSection(ProjectDependencies) = postProject
		{095D2910-E2B0-4F5E-AA6B-C5CAE6CA9B86} = {095D2910-E2B0-4F5E-AA6B-C5CAE6CA9B86}
	EndProjectSection
EndProject
Project("{8BC9CEB8-8B4A-11D0-8D11-00A0C91BC942}") = "bulletdynamics", "lib\bullet\bulletdynamics.vcxproj", "{B68B6F96-13BC-4072-9A27-BE55F6ABEFBF}"
	ProjectSection(ProjectDependencies) = postProject
		{095D2910-E2B0-4F5E-AA6B-C5CAE6CA9B86} = {095D2910-E2B0-4F5E-AA6B-C5CAE6CA9B86}
	EndProjectSection
EndProject
Project("{8BC9CEB8-8B4A-11D0-8D11-00A0C91BC942}") = "bulletmath", "lib\bullet\bulletmath.vcxproj", "{E7D36892-68A7-49FE-B05D-DD41B94F5003}"
	ProjectSection(ProjectDependencies) = postProject
		{095D2910-E2B0-4F5E-AA6B-C5CAE6CA9B86} = {095D2910-E2B0-4F5E-AA6B-C5CAE6CA9B86}
	EndProjectSection
EndProject
Project("{8BC9CEB8-8B4A-11D0-8D11-00A0C91BC942}") = "enet", "lib\enet\enet.vcxproj", "{9E21D094-08E6-4B57-B337-4B3A109443C8}"
	ProjectSection(ProjectDependencies) = postProject
		{095D2910-E2B0-4F5E-AA6B-C5CAE6CA9B86} = {095D2910-E2B0-4F5E-AA6B-C5CAE6CA9B86}
	EndProjectSection
EndProject
Project("{8BC9CEB8-8B4A-11D0-8D11-00A0C91BC942}") = "stkirrlicht", "lib\irrlicht\stkirrlicht.vcxproj", "{BEF2AA81-463F-424B-A071-6A557B8FEB67}"
	ProjectSection(ProjectDependencies) = postProject
		{095D2910-E2B0-4F5E-AA6B-C5CAE6CA9B86} = {095D2910-E2B0-4F5E-AA6B-C5CAE6CA9B86}
	EndProjectSection
EndProject
Project("{8BC9CEB8-8B4A-11D0-8D11-00A0C91BC942}") = "supertuxkart", "supertuxkart.vcxproj", "{97DA11DE-7A88-4E66-A5AE-0C0B0FC3F869}"
	ProjectSection(ProjectDependencies) = postProject
		{095D2910-E2B0-4F5E-AA6B-C5CAE6CA9B86} = {095D2910-E2B0-4F5E-AA6B-C5CAE6CA9B86}
		{1BDEE7A4-40AD-473A-8ED2-679B9EF04891} = {1BDEE7A4-40AD-473A-8ED2-679B9EF04891}
		{B68B6F96-13BC-4072-9A27-BE55F6ABEFBF} = {B68B6F96-13BC-4072-9A27-BE55F6ABEFBF}
		{E7D36892-68A7-49FE-B05D-DD41B94F5003} = {E7D36892-68A7-49FE-B05D-DD41B94F5003}
		{9E21D094-08E6-4B57-B337-4B3A109443C8} = {9E21D094-08E6-4B57-B337-4B3A109443C8}
		{BEF2AA81-463F-424B-A071-6A557B8FEB67} = {BEF2AA81-463F-424B-A071-6A557B8FEB67}
	EndProjectSection
EndProject
Global
	GlobalSection(SolutionConfigurationPlatforms) = preSolution
		Debug|Win32 = Debug|Win32
		Release|Win32 = Release|Win32
		MinSizeRel|Win32 = MinSizeRel|Win32
		RelWithDebInfo|Win32 = RelWithDebInfo|Win32
	EndGlobalSection
	GlobalSection(ProjectConfigurationPlatforms) = postSolution
		{DC8CADEB-FD5B-41A4-8796-0DB0F632BBA9}.Debug|Win32.ActiveCfg = Debug|Win32
		{DC8CADEB-FD5B-41A4-8796-0DB0F632BBA9}.Debug|Win32.Build.0 = Debug|Win32
		{DC8CADEB-FD5B-41A4-8796-0DB0F632BBA9}.Release|Win32.ActiveCfg = Release|Win32
		{DC8CADEB-FD5B-41A4-8796-0DB0F632BBA9}.Release|Win32.Build.0 = Release|Win32
		{DC8CADEB-FD5B-41A4-8796-0DB0F632BBA9}.MinSizeRel|Win32.ActiveCfg = MinSizeRel|Win32
		{DC8CADEB-FD5B-41A4-8796-0DB0F632BBA9}.MinSizeRel|Win32.Build.0 = MinSizeRel|Win32
		{DC8CADEB-FD5B-41A4-8796-0DB0F632BBA9}.RelWithDebInfo|Win32.ActiveCfg = RelWithDebInfo|Win32
		{DC8CADEB-FD5B-41A4-8796-0DB0F632BBA9}.RelWithDebInfo|Win32.Build.0 = RelWithDebInfo|Win32
		{57303FE2-8682-4B50-85FD-606C3778F610}.Debug|Win32.ActiveCfg = Debug|Win32
		{57303FE2-8682-4B50-85FD-606C3778F610}.Release|Win32.ActiveCfg = Release|Win32
		{57303FE2-8682-4B50-85FD-606C3778F610}.MinSizeRel|Win32.ActiveCfg = MinSizeRel|Win32
		{57303FE2-8682-4B50-85FD-606C3778F610}.RelWithDebInfo|Win32.ActiveCfg = RelWithDebInfo|Win32
		{095D2910-E2B0-4F5E-AA6B-C5CAE6CA9B86}.Debug|Win32.ActiveCfg = Debug|Win32
		{095D2910-E2B0-4F5E-AA6B-C5CAE6CA9B86}.Debug|Win32.Build.0 = Debug|Win32
		{095D2910-E2B0-4F5E-AA6B-C5CAE6CA9B86}.Release|Win32.ActiveCfg = Release|Win32
		{095D2910-E2B0-4F5E-AA6B-C5CAE6CA9B86}.Release|Win32.Build.0 = Release|Win32
		{095D2910-E2B0-4F5E-AA6B-C5CAE6CA9B86}.MinSizeRel|Win32.ActiveCfg = MinSizeRel|Win32
		{095D2910-E2B0-4F5E-AA6B-C5CAE6CA9B86}.MinSizeRel|Win32.Build.0 = MinSizeRel|Win32
		{095D2910-E2B0-4F5E-AA6B-C5CAE6CA9B86}.RelWithDebInfo|Win32.ActiveCfg = RelWithDebInfo|Win32
		{095D2910-E2B0-4F5E-AA6B-C5CAE6CA9B86}.RelWithDebInfo|Win32.Build.0 = RelWithDebInfo|Win32
		{1BDEE7A4-40AD-473A-8ED2-679B9EF04891}.Debug|Win32.ActiveCfg = Debug|Win32
		{1BDEE7A4-40AD-473A-8ED2-679B9EF04891}.Debug|Win32.Build.0 = Debug|Win32
		{1BDEE7A4-40AD-473A-8ED2-679B9EF04891}.Release|Win32.ActiveCfg = Release|Win32
		{1BDEE7A4-40AD-473A-8ED2-679B9EF04891}.Release|Win32.Build.0 = Release|Win32
		{1BDEE7A4-40AD-473A-8ED2-679B9EF04891}.MinSizeRel|Win32.ActiveCfg = MinSizeRel|Win32
		{1BDEE7A4-40AD-473A-8ED2-679B9EF04891}.MinSizeRel|Win32.Build.0 = MinSizeRel|Win32
		{1BDEE7A4-40AD-473A-8ED2-679B9EF04891}.RelWithDebInfo|Win32.ActiveCfg = RelWithDebInfo|Win32
		{1BDEE7A4-40AD-473A-8ED2-679B9EF04891}.RelWithDebInfo|Win32.Build.0 = RelWithDebInfo|Win32
		{B68B6F96-13BC-4072-9A27-BE55F6ABEFBF}.Debug|Win32.ActiveCfg = Debug|Win32
		{B68B6F96-13BC-4072-9A27-BE55F6ABEFBF}.Debug|Win32.Build.0 = Debug|Win32
		{B68B6F96-13BC-4072-9A27-BE55F6ABEFBF}.Release|Win32.ActiveCfg = Release|Win32
		{B68B6F96-13BC-4072-9A27-BE55F6ABEFBF}.Release|Win32.Build.0 = Release|Win32
		{B68B6F96-13BC-4072-9A27-BE55F6ABEFBF}.MinSizeRel|Win32.ActiveCfg = MinSizeRel|Win32
		{B68B6F96-13BC-4072-9A27-BE55F6ABEFBF}.MinSizeRel|Win32.Build.0 = MinSizeRel|Win32
		{B68B6F96-13BC-4072-9A27-BE55F6ABEFBF}.RelWithDebInfo|Win32.ActiveCfg = RelWithDebInfo|Win32
		{B68B6F96-13BC-4072-9A27-BE55F6ABEFBF}.RelWithDebInfo|Win32.Build.0 = RelWithDebInfo|Win32
		{E7D36892-68A7-49FE-B05D-DD41B94F5003}.Debug|Win32.ActiveCfg = Debug|Win32
		{E7D36892-68A7-49FE-B05D-DD41B94F5003}.Debug|Win32.Build.0 = Debug|Win32
		{E7D36892-68A7-49FE-B05D-DD41B94F5003}.Release|Win32.ActiveCfg = Release|Win32
		{E7D36892-68A7-49FE-B05D-DD41B94F5003}.Release|Win32.Build.0 = Release|Win32
		{E7D36892-68A7-49FE-B05D-DD41B94F5003}.MinSizeRel|Win32.ActiveCfg = MinSizeRel|Win32
		{E7D36892-68A7-49FE-B05D-DD41B94F5003}.MinSizeRel|Win32.Build.0 = MinSizeRel|Win32
		{E7D36892-68A7-49FE-B05D-DD41B94F5003}.RelWithDebInfo|Win32.ActiveCfg = RelWithDebInfo|Win32
		{E7D36892-68A7-49FE-B05D-DD41B94F5003}.RelWithDebInfo|Win32.Build.0 = RelWithDebInfo|Win32
		{9E21D094-08E6-4B57-B337-4B3A109443C8}.Debug|Win32.ActiveCfg = Debug|Win32
		{9E21D094-08E6-4B57-B337-4B3A109443C8}.Debug|Win32.Build.0 = Debug|Win32
		{9E21D094-08E6-4B57-B337-4B3A109443C8}.Release|Win32.ActiveCfg = Release|Win32
		{9E21D094-08E6-4B57-B337-4B3A109443C8}.Release|Win32.Build.0 = Release|Win32
		{9E21D094-08E6-4B57-B337-4B3A109443C8}.MinSizeRel|Win32.ActiveCfg = MinSizeRel|Win32
		{9E21D094-08E6-4B57-B337-4B3A109443C8}.MinSizeRel|Win32.Build.0 = MinSizeRel|Win32
		{9E21D094-08E6-4B57-B337-4B3A109443C8}.RelWithDebInfo|Win32.ActiveCfg = RelWithDebInfo|Win32
		{9E21D094-08E6-4B57-B337-4B3A109443C8}.RelWithDebInfo|Win32.Build.0 = RelWithDebInfo|Win32
		{BEF2AA81-463F-424B-A071-6A557B8FEB67}.Debug|Win32.ActiveCfg = Debug|Win32
		{BEF2AA81-463F-424B-A071-6A557B8FEB67}.Debug|Win32.Build.0 = Debug|Win32
		{BEF2AA81-463F-424B-A071-6A557B8FEB67}.Release|Win32.ActiveCfg = Release|Win32
		{BEF2AA81-463F-424B-A071-6A557B8FEB67}.Release|Win32.Build.0 = Release|Win32
		{BEF2AA81-463F-424B-A071-6A557B8FEB67}.MinSizeRel|Win32.ActiveCfg = MinSizeRel|Win32
		{BEF2AA81-463F-424B-A071-6A557B8FEB67}.MinSizeRel|Win32.Build.0 = MinSizeRel|Win32
		{BEF2AA81-463F-424B-A071-6A557B8FEB67}.RelWithDebInfo|Win32.ActiveCfg = RelWithDebInfo|Win32
		{BEF2AA81-463F-424B-A071-6A557B8FEB67}.RelWithDebInfo|Win32.Build.0 = RelWithDebInfo|Win32
		{97DA11DE-7A88-4E66-A5AE-0C0B0FC3F869}.Debug|Win32.ActiveCfg = Debug|Win32
		{97DA11DE-7A88-4E66-A5AE-0C0B0FC3F869}.Debug|Win32.Build.0 = Debug|Win32
		{97DA11DE-7A88-4E66-A5AE-0C0B0FC3F869}.Release|Win32.ActiveCfg = Release|Win32
		{97DA11DE-7A88-4E66-A5AE-0C0B0FC3F869}.Release|Win32.Build.0 = Release|Win32
		{97DA11DE-7A88-4E66-A5AE-0C0B0FC3F869}.MinSizeRel|Win32.ActiveCfg = MinSizeRel|Win32
		{97DA11DE-7A88-4E66-A5AE-0C0B0FC3F869}.MinSizeRel|Win32.Build.0 = MinSizeRel|Win32
		{97DA11DE-7A88-4E66-A5AE-0C0B0FC3F869}.RelWithDebInfo|Win32.ActiveCfg = RelWithDebInfo|Win32
		{97DA11DE-7A88-4E66-A5AE-0C0B0FC3F869}.RelWithDebInfo|Win32.Build.0 = RelWithDebInfo|Win32
	EndGlobalSection
	GlobalSection(ExtensibilityGlobals) = postSolution
	EndGlobalSection
	GlobalSection(ExtensibilityAddIns) = postSolution
	EndGlobalSection
EndGlobal
